
Microsoft Visual Studio Solution File, Format Version 12.00
# Visual Studio 2013
VisualStudioVersion = 12.0.31101.0
MinimumVisualStudioVersion = 10.0.40219.1
Project("{FAE04EC0-301F-11D3-BF4B-00C04F79EFBC}") = "OpenCVSharpSample01", "OpenCVSharpSample01\OpenCVSharpSample01.csproj", "{DB0A75DB-08B4-4A50-9D8C-49FFD0DCA332}"
EndProject
Project("{2150E333-8FDC-42A3-9474-1A3956D46DE8}") = "Solution Items", "Solution Items", "{0BDA3281-A8FA-4B0E-8F50-754DCF8E926C}"
	ProjectSection(SolutionItems) = preProject
		LICENSE.md = LICENSE.md
		README.md = README.md
	EndProjectSection
EndProject
Project("{2150E333-8FDC-42A3-9474-1A3956D46DE8}") = ".nuget", ".nuget", "{8E7040E9-7E86-4CCC-BBEC-C0CA26FC2E29}"
	ProjectSection(SolutionItems) = preProject
		.nuget\NuGet.Config = .nuget\NuGet.Config
		.nuget\NuGet.exe = .nuget\NuGet.exe
		.nuget\NuGet.targets = .nuget\NuGet.targets
	EndProjectSection
EndProject
Project("{FAE04EC0-301F-11D3-BF4B-00C04F79EFBC}") = "OpenCVSharpSample02", "OpenCVSharpSample02\OpenCVSharpSample02.csproj", "{557707A4-898E-4DC3-AEC2-443D0622B4A9}"
EndProject
Project("{FAE04EC0-301F-11D3-BF4B-00C04F79EFBC}") = "OpenCVSharpSample03", "OpenCVSharpSample03\OpenCVSharpSample03.csproj", "{D081C915-A288-46F6-AA1E-90C1C080B504}"
EndProject
Project("{FAE04EC0-301F-11D3-BF4B-00C04F79EFBC}") = "OpenCVSharpSample04", "OpenCVSharpSample04\OpenCVSharpSample04.csproj", "{2E4A54ED-4E46-4182-8D96-E01E2D24C016}"
EndProject
Project("{FAE04EC0-301F-11D3-BF4B-00C04F79EFBC}") = "OpenCVSharpSample04WinForms", "OpenCVSharpSample04WinForms\OpenCVSharpSample04WinForms.csproj", "{E1B29023-F1DA-469A-A422-EDFBE8821690}"
EndProject
Project("{FAE04EC0-301F-11D3-BF4B-00C04F79EFBC}") = "OpenCVSharpSample05Wpf", "OpenCVSharpSample05Wpf\OpenCVSharpSample05Wpf.csproj", "{120D051F-868F-4382-994B-8BF53F3656B8}"
EndProject
Project("{FAE04EC0-301F-11D3-BF4B-00C04F79EFBC}") = "OpenCVSharpSample06WinForms", "OpenCVSharpSample06WinForms\OpenCVSharpSample06WinForms.csproj", "{772D4274-3316-403D-9665-B3FCCD1FDDCA}"
EndProject
Project("{FAE04EC0-301F-11D3-BF4B-00C04F79EFBC}") = "OpenCVSharpSample07", "OpenCVSharpSample07\OpenCVSharpSample07.csproj", "{6612E06F-C529-4AA3-BA41-0C61AA39FBFF}"
EndProject
Project("{FAE04EC0-301F-11D3-BF4B-00C04F79EFBC}") = "OpenCVSharpSample08", "OpenCVSharpSample08\OpenCVSharpSample08.csproj", "{59173FFB-7A8C-474B-82FD-63B2D8FD9D93}"
EndProject
Project("{FAE04EC0-301F-11D3-BF4B-00C04F79EFBC}") = "OpenCVSharpSample09", "OpenCVSharpSample09\OpenCVSharpSample09.csproj", "{9666E6CB-BC58-466F-B30E-FDC32B21C17C}"
EndProject
Project("{FAE04EC0-301F-11D3-BF4B-00C04F79EFBC}") = "OpenCVSharpSample10", "OpenCVSharpSample10\OpenCVSharpSample10.csproj", "{4328A19F-4DEF-4063-995E-8C73F93E6901}"
EndProject
Project("{FAE04EC0-301F-11D3-BF4B-00C04F79EFBC}") = "OpenCVSharpSample11", "OpenCVSharpSample11\OpenCVSharpSample11.csproj", "{8AEA49BE-852E-4414-9CB9-B90AECEF038D}"
EndProject
Project("{FAE04EC0-301F-11D3-BF4B-00C04F79EFBC}") = "OpenCVSharpSample12", "OpenCVSharpSample12\OpenCVSharpSample12.csproj", "{30ADD80A-750B-406F-8CA2-E28BC5618C2F}"
EndProject
Project("{FAE04EC0-301F-11D3-BF4B-00C04F79EFBC}") = "OpenCVSharpSample13", "OpenCVSharpSample13\OpenCVSharpSample13.csproj", "{634FE3BA-B5AE-4431-AB01-72A82FA39A3D}"
EndProject
Project("{FAE04EC0-301F-11D3-BF4B-00C04F79EFBC}") = "OpenCVSharpSample14", "OpenCVSharpSample14\OpenCVSharpSample14.csproj", "{7317B452-6EEF-405A-9804-2D91253A1EBD}"
EndProject
Project("{FAE04EC0-301F-11D3-BF4B-00C04F79EFBC}") = "OpenCVSharpSample15", "OpenCVSharpSample15\OpenCVSharpSample15.csproj", "{8CEF7B5B-DB85-45FD-A2E7-4F3176A6D12A}"
EndProject
Global
	GlobalSection(SolutionConfigurationPlatforms) = preSolution
		Debug|Any CPU = Debug|Any CPU
		Debug|x64 = Debug|x64
		Debug|x86 = Debug|x86
		Release|Any CPU = Release|Any CPU
		Release|x64 = Release|x64
		Release|x86 = Release|x86
	EndGlobalSection
	GlobalSection(ProjectConfigurationPlatforms) = postSolution
		{DB0A75DB-08B4-4A50-9D8C-49FFD0DCA332}.Debug|Any CPU.ActiveCfg = Debug|Any CPU
		{DB0A75DB-08B4-4A50-9D8C-49FFD0DCA332}.Debug|Any CPU.Build.0 = Debug|Any CPU
		{DB0A75DB-08B4-4A50-9D8C-49FFD0DCA332}.Debug|x64.ActiveCfg = Debug|x64
		{DB0A75DB-08B4-4A50-9D8C-49FFD0DCA332}.Debug|x64.Build.0 = Debug|x64
		{DB0A75DB-08B4-4A50-9D8C-49FFD0DCA332}.Debug|x86.ActiveCfg = Debug|x86
		{DB0A75DB-08B4-4A50-9D8C-49FFD0DCA332}.Debug|x86.Build.0 = Debug|x86
		{DB0A75DB-08B4-4A50-9D8C-49FFD0DCA332}.Release|Any CPU.ActiveCfg = Release|Any CPU
		{DB0A75DB-08B4-4A50-9D8C-49FFD0DCA332}.Release|Any CPU.Build.0 = Release|Any CPU
		{DB0A75DB-08B4-4A50-9D8C-49FFD0DCA332}.Release|x64.ActiveCfg = Release|x64
		{DB0A75DB-08B4-4A50-9D8C-49FFD0DCA332}.Release|x64.Build.0 = Release|x64
		{DB0A75DB-08B4-4A50-9D8C-49FFD0DCA332}.Release|x86.ActiveCfg = Release|x86
		{DB0A75DB-08B4-4A50-9D8C-49FFD0DCA332}.Release|x86.Build.0 = Release|x86
		{557707A4-898E-4DC3-AEC2-443D0622B4A9}.Debug|Any CPU.ActiveCfg = Debug|Any CPU
		{557707A4-898E-4DC3-AEC2-443D0622B4A9}.Debug|Any CPU.Build.0 = Debug|Any CPU
		{557707A4-898E-4DC3-AEC2-443D0622B4A9}.Debug|x64.ActiveCfg = Debug|Any CPU
		{557707A4-898E-4DC3-AEC2-443D0622B4A9}.Debug|x86.ActiveCfg = Debug|Any CPU
		{557707A4-898E-4DC3-AEC2-443D0622B4A9}.Release|Any CPU.ActiveCfg = Release|Any CPU
		{557707A4-898E-4DC3-AEC2-443D0622B4A9}.Release|Any CPU.Build.0 = Release|Any CPU
		{557707A4-898E-4DC3-AEC2-443D0622B4A9}.Release|x64.ActiveCfg = Release|Any CPU
		{557707A4-898E-4DC3-AEC2-443D0622B4A9}.Release|x86.ActiveCfg = Release|Any CPU
		{D081C915-A288-46F6-AA1E-90C1C080B504}.Debug|Any CPU.ActiveCfg = Debug|Any CPU
		{D081C915-A288-46F6-AA1E-90C1C080B504}.Debug|Any CPU.Build.0 = Debug|Any CPU
		{D081C915-A288-46F6-AA1E-90C1C080B504}.Debug|x64.ActiveCfg = Debug|Any CPU
		{D081C915-A288-46F6-AA1E-90C1C080B504}.Debug|x86.ActiveCfg = Debug|Any CPU
		{D081C915-A288-46F6-AA1E-90C1C080B504}.Release|Any CPU.ActiveCfg = Release|Any CPU
		{D081C915-A288-46F6-AA1E-90C1C080B504}.Release|Any CPU.Build.0 = Release|Any CPU
		{D081C915-A288-46F6-AA1E-90C1C080B504}.Release|x64.ActiveCfg = Release|Any CPU
		{D081C915-A288-46F6-AA1E-90C1C080B504}.Release|x86.ActiveCfg = Release|Any CPU
		{2E4A54ED-4E46-4182-8D96-E01E2D24C016}.Debug|Any CPU.ActiveCfg = Debug|Any CPU
		{2E4A54ED-4E46-4182-8D96-E01E2D24C016}.Debug|Any CPU.Build.0 = Debug|Any CPU
		{2E4A54ED-4E46-4182-8D96-E01E2D24C016}.Debug|x64.ActiveCfg = Debug|Any CPU
		{2E4A54ED-4E46-4182-8D96-E01E2D24C016}.Debug|x86.ActiveCfg = Debug|Any CPU
		{2E4A54ED-4E46-4182-8D96-E01E2D24C016}.Release|Any CPU.ActiveCfg = Release|Any CPU
		{2E4A54ED-4E46-4182-8D96-E01E2D24C016}.Release|Any CPU.Build.0 = Release|Any CPU
		{2E4A54ED-4E46-4182-8D96-E01E2D24C016}.Release|x64.ActiveCfg = Release|Any CPU
		{2E4A54ED-4E46-4182-8D96-E01E2D24C016}.Release|x86.ActiveCfg = Release|Any CPU
		{E1B29023-F1DA-469A-A422-EDFBE8821690}.Debug|Any CPU.ActiveCfg = Debug|Any CPU
		{E1B29023-F1DA-469A-A422-EDFBE8821690}.Debug|Any CPU.Build.0 = Debug|Any CPU
		{E1B29023-F1DA-469A-A422-EDFBE8821690}.Debug|x64.ActiveCfg = Debug|Any CPU
		{E1B29023-F1DA-469A-A422-EDFBE8821690}.Debug|x86.ActiveCfg = Debug|Any CPU
		{E1B29023-F1DA-469A-A422-EDFBE8821690}.Release|Any CPU.ActiveCfg = Release|Any CPU
		{E1B29023-F1DA-469A-A422-EDFBE8821690}.Release|Any CPU.Build.0 = Release|Any CPU
		{E1B29023-F1DA-469A-A422-EDFBE8821690}.Release|x64.ActiveCfg = Release|Any CPU
		{E1B29023-F1DA-469A-A422-EDFBE8821690}.Release|x86.ActiveCfg = Release|Any CPU
		{120D051F-868F-4382-994B-8BF53F3656B8}.Debug|Any CPU.ActiveCfg = Debug|Any CPU
		{120D051F-868F-4382-994B-8BF53F3656B8}.Debug|Any CPU.Build.0 = Debug|Any CPU
		{120D051F-868F-4382-994B-8BF53F3656B8}.Debug|x64.ActiveCfg = Debug|Any CPU
		{120D051F-868F-4382-994B-8BF53F3656B8}.Debug|x86.ActiveCfg = Debug|Any CPU
		{120D051F-868F-4382-994B-8BF53F3656B8}.Release|Any CPU.ActiveCfg = Release|Any CPU
		{120D051F-868F-4382-994B-8BF53F3656B8}.Release|Any CPU.Build.0 = Release|Any CPU
		{120D051F-868F-4382-994B-8BF53F3656B8}.Release|x64.ActiveCfg = Release|Any CPU
		{120D051F-868F-4382-994B-8BF53F3656B8}.Release|x86.ActiveCfg = Release|Any CPU
		{772D4274-3316-403D-9665-B3FCCD1FDDCA}.Debug|Any CPU.ActiveCfg = Debug|Any CPU
		{772D4274-3316-403D-9665-B3FCCD1FDDCA}.Debug|Any CPU.Build.0 = Debug|Any CPU
		{772D4274-3316-403D-9665-B3FCCD1FDDCA}.Debug|x64.ActiveCfg = Debug|Any CPU
		{772D4274-3316-403D-9665-B3FCCD1FDDCA}.Debug|x86.ActiveCfg = Debug|Any CPU
		{772D4274-3316-403D-9665-B3FCCD1FDDCA}.Release|Any CPU.ActiveCfg = Release|Any CPU
		{772D4274-3316-403D-9665-B3FCCD1FDDCA}.Release|Any CPU.Build.0 = Release|Any CPU
		{772D4274-3316-403D-9665-B3FCCD1FDDCA}.Release|x64.ActiveCfg = Release|Any CPU
		{772D4274-3316-403D-9665-B3FCCD1FDDCA}.Release|x86.ActiveCfg = Release|Any CPU
		{6612E06F-C529-4AA3-BA41-0C61AA39FBFF}.Debug|Any CPU.ActiveCfg = Debug|Any CPU
		{6612E06F-C529-4AA3-BA41-0C61AA39FBFF}.Debug|Any CPU.Build.0 = Debug|Any CPU
		{6612E06F-C529-4AA3-BA41-0C61AA39FBFF}.Debug|x64.ActiveCfg = Debug|Any CPU
		{6612E06F-C529-4AA3-BA41-0C61AA39FBFF}.Debug|x86.ActiveCfg = Debug|Any CPU
		{6612E06F-C529-4AA3-BA41-0C61AA39FBFF}.Release|Any CPU.ActiveCfg = Release|Any CPU
		{6612E06F-C529-4AA3-BA41-0C61AA39FBFF}.Release|Any CPU.Build.0 = Release|Any CPU
		{6612E06F-C529-4AA3-BA41-0C61AA39FBFF}.Release|x64.ActiveCfg = Release|Any CPU
		{6612E06F-C529-4AA3-BA41-0C61AA39FBFF}.Release|x86.ActiveCfg = Release|Any CPU
		{59173FFB-7A8C-474B-82FD-63B2D8FD9D93}.Debug|Any CPU.ActiveCfg = Debug|Any CPU
		{59173FFB-7A8C-474B-82FD-63B2D8FD9D93}.Debug|Any CPU.Build.0 = Debug|Any CPU
		{59173FFB-7A8C-474B-82FD-63B2D8FD9D93}.Debug|x64.ActiveCfg = Debug|Any CPU
		{59173FFB-7A8C-474B-82FD-63B2D8FD9D93}.Debug|x86.ActiveCfg = Debug|Any CPU
		{59173FFB-7A8C-474B-82FD-63B2D8FD9D93}.Release|Any CPU.ActiveCfg = Release|Any CPU
		{59173FFB-7A8C-474B-82FD-63B2D8FD9D93}.Release|Any CPU.Build.0 = Release|Any CPU
		{59173FFB-7A8C-474B-82FD-63B2D8FD9D93}.Release|x64.ActiveCfg = Release|Any CPU
		{59173FFB-7A8C-474B-82FD-63B2D8FD9D93}.Release|x86.ActiveCfg = Release|Any CPU
		{9666E6CB-BC58-466F-B30E-FDC32B21C17C}.Debug|Any CPU.ActiveCfg = Debug|Any CPU
		{9666E6CB-BC58-466F-B30E-FDC32B21C17C}.Debug|Any CPU.Build.0 = Debug|Any CPU
		{9666E6CB-BC58-466F-B30E-FDC32B21C17C}.Debug|x64.ActiveCfg = Debug|Any CPU
		{9666E6CB-BC58-466F-B30E-FDC32B21C17C}.Debug|x86.ActiveCfg = Debug|Any CPU
		{9666E6CB-BC58-466F-B30E-FDC32B21C17C}.Release|Any CPU.ActiveCfg = Release|Any CPU
		{9666E6CB-BC58-466F-B30E-FDC32B21C17C}.Release|Any CPU.Build.0 = Release|Any CPU
		{9666E6CB-BC58-466F-B30E-FDC32B21C17C}.Release|x64.ActiveCfg = Release|Any CPU
		{9666E6CB-BC58-466F-B30E-FDC32B21C17C}.Release|x86.ActiveCfg = Release|Any CPU
		{4328A19F-4DEF-4063-995E-8C73F93E6901}.Debug|Any CPU.ActiveCfg = Debug|Any CPU
		{4328A19F-4DEF-4063-995E-8C73F93E6901}.Debug|Any CPU.Build.0 = Debug|Any CPU
		{4328A19F-4DEF-4063-995E-8C73F93E6901}.Debug|x64.ActiveCfg = Debug|Any CPU
		{4328A19F-4DEF-4063-995E-8C73F93E6901}.Debug|x86.ActiveCfg = Debug|Any CPU
		{4328A19F-4DEF-4063-995E-8C73F93E6901}.Release|Any CPU.ActiveCfg = Release|Any CPU
		{4328A19F-4DEF-4063-995E-8C73F93E6901}.Release|Any CPU.Build.0 = Release|Any CPU
		{4328A19F-4DEF-4063-995E-8C73F93E6901}.Release|x64.ActiveCfg = Release|Any CPU
		{4328A19F-4DEF-4063-995E-8C73F93E6901}.Release|x86.ActiveCfg = Release|Any CPU
		{8AEA49BE-852E-4414-9CB9-B90AECEF038D}.Debug|Any CPU.ActiveCfg = Debug|Any CPU
		{8AEA49BE-852E-4414-9CB9-B90AECEF038D}.Debug|Any CPU.Build.0 = Debug|Any CPU
		{8AEA49BE-852E-4414-9CB9-B90AECEF038D}.Debug|x64.ActiveCfg = Debug|Any CPU
		{8AEA49BE-852E-4414-9CB9-B90AECEF038D}.Debug|x86.ActiveCfg = Debug|Any CPU
		{8AEA49BE-852E-4414-9CB9-B90AECEF038D}.Release|Any CPU.ActiveCfg = Release|Any CPU
		{8AEA49BE-852E-4414-9CB9-B90AECEF038D}.Release|Any CPU.Build.0 = Release|Any CPU
		{8AEA49BE-852E-4414-9CB9-B90AECEF038D}.Release|x64.ActiveCfg = Release|Any CPU
		{8AEA49BE-852E-4414-9CB9-B90AECEF038D}.Release|x86.ActiveCfg = Release|Any CPU
		{30ADD80A-750B-406F-8CA2-E28BC5618C2F}.Debug|Any CPU.ActiveCfg = Debug|Any CPU
		{30ADD80A-750B-406F-8CA2-E28BC5618C2F}.Debug|Any CPU.Build.0 = Debug|Any CPU
		{30ADD80A-750B-406F-8CA2-E28BC5618C2F}.Debug|x64.ActiveCfg = Debug|Any CPU
		{30ADD80A-750B-406F-8CA2-E28BC5618C2F}.Debug|x86.ActiveCfg = Debug|Any CPU
		{30ADD80A-750B-406F-8CA2-E28BC5618C2F}.Release|Any CPU.ActiveCfg = Release|Any CPU
		{30ADD80A-750B-406F-8CA2-E28BC5618C2F}.Release|Any CPU.Build.0 = Release|Any CPU
		{30ADD80A-750B-406F-8CA2-E28BC5618C2F}.Release|x64.ActiveCfg = Release|Any CPU
		{30ADD80A-750B-406F-8CA2-E28BC5618C2F}.Release|x86.ActiveCfg = Release|Any CPU
		{634FE3BA-B5AE-4431-AB01-72A82FA39A3D}.Debug|Any CPU.ActiveCfg = Debug|Any CPU
		{634FE3BA-B5AE-4431-AB01-72A82FA39A3D}.Debug|Any CPU.Build.0 = Debug|Any CPU
		{634FE3BA-B5AE-4431-AB01-72A82FA39A3D}.Debug|x64.ActiveCfg = Debug|Any CPU
		{634FE3BA-B5AE-4431-AB01-72A82FA39A3D}.Debug|x86.ActiveCfg = Debug|Any CPU
		{634FE3BA-B5AE-4431-AB01-72A82FA39A3D}.Release|Any CPU.ActiveCfg = Release|Any CPU
		{634FE3BA-B5AE-4431-AB01-72A82FA39A3D}.Release|Any CPU.Build.0 = Release|Any CPU
		{634FE3BA-B5AE-4431-AB01-72A82FA39A3D}.Release|x64.ActiveCfg = Release|Any CPU
		{634FE3BA-B5AE-4431-AB01-72A82FA39A3D}.Release|x86.ActiveCfg = Release|Any CPU
		{7317B452-6EEF-405A-9804-2D91253A1EBD}.Debug|Any CPU.ActiveCfg = Debug|Any CPU
		{7317B452-6EEF-405A-9804-2D91253A1EBD}.Debug|Any CPU.Build.0 = Debug|Any CPU
		{7317B452-6EEF-405A-9804-2D91253A1EBD}.Debug|x64.ActiveCfg = Debug|Any CPU
		{7317B452-6EEF-405A-9804-2D91253A1EBD}.Debug|x86.ActiveCfg = Debug|Any CPU
		{7317B452-6EEF-405A-9804-2D91253A1EBD}.Release|Any CPU.ActiveCfg = Release|Any CPU
		{7317B452-6EEF-405A-9804-2D91253A1EBD}.Release|Any CPU.Build.0 = Release|Any CPU
		{7317B452-6EEF-405A-9804-2D91253A1EBD}.Release|x64.ActiveCfg = Release|Any CPU
		{7317B452-6EEF-405A-9804-2D91253A1EBD}.Release|x86.ActiveCfg = Release|Any CPU
		{8CEF7B5B-DB85-45FD-A2E7-4F3176A6D12A}.Debug|Any CPU.ActiveCfg = Debug|Any CPU
		{8CEF7B5B-DB85-45FD-A2E7-4F3176A6D12A}.Debug|Any CPU.Build.0 = Debug|Any CPU
		{8CEF7B5B-DB85-45FD-A2E7-4F3176A6D12A}.Debug|x64.ActiveCfg = Debug|Any CPU
		{8CEF7B5B-DB85-45FD-A2E7-4F3176A6D12A}.Debug|x86.ActiveCfg = Debug|Any CPU
		{8CEF7B5B-DB85-45FD-A2E7-4F3176A6D12A}.Release|Any CPU.ActiveCfg = Release|Any CPU
		{8CEF7B5B-DB85-45FD-A2E7-4F3176A6D12A}.Release|Any CPU.Build.0 = Release|Any CPU
		{8CEF7B5B-DB85-45FD-A2E7-4F3176A6D12A}.Release|x64.ActiveCfg = Release|Any CPU
		{8CEF7B5B-DB85-45FD-A2E7-4F3176A6D12A}.Release|x86.ActiveCfg = Release|Any CPU
	EndGlobalSection
	GlobalSection(SolutionProperties) = preSolution
		HideSolutionNode = FALSE
	EndGlobalSection
EndGlobal
