
Microsoft Visual Studio Solution File, Format Version 12.00
# Visual Studio 2013
VisualStudioVersion = 12.0.31101.0
MinimumVisualStudioVersion = 10.0.40219.1
Project("{FAE04EC0-301F-11D3-BF4B-00C04F79EFBC}") = "OpenCVSharpSample01", "OpenCVSharpSample01\OpenCVSharpSample01.csproj", "{DB0A75DB-08B4-4A50-9D8C-49FFD0DCA332}"
EndProject
Project("{2150E333-8FDC-42A3-9474-1A3956D46DE8}") = "Solution Items", "Solution Items", "{0BDA3281-A8FA-4B0E-8F50-754DCF8E926C}"
	ProjectSection(SolutionItems) = preProject
		LICENSE.md = LICENSE.md
		README.md = README.md
	EndProjectSection
EndProject
Project("{2150E333-8FDC-42A3-9474-1A3956D46DE8}") = ".nuget", ".nuget", "{8E7040E9-7E86-4CCC-BBEC-C0CA26FC2E29}"
	ProjectSection(SolutionItems) = preProject
		.nuget\NuGet.Config = .nuget\NuGet.Config
		.nuget\NuGet.exe = .nuget\NuGet.exe
		.nuget\NuGet.targets = .nuget\NuGet.targets
	EndProjectSection
EndProject
Project("{FAE04EC0-301F-11D3-BF4B-00C04F79EFBC}") = "OpenCVSharpSample02", "OpenCVSharpSample02\OpenCVSharpSample02.csproj", "{557707A4-898E-4DC3-AEC2-443D0622B4A9}"
EndProject
Project("{FAE04EC0-301F-11D3-BF4B-00C04F79EFBC}") = "OpenCVSharpSample03", "OpenCVSharpSample03\OpenCVSharpSample03.csproj", "{D081C915-A288-46F6-AA1E-90C1C080B504}"
EndProject
Project("{FAE04EC0-301F-11D3-BF4B-00C04F79EFBC}") = "OpenCVSharpSample04", "OpenCVSharpSample04\OpenCVSharpSample04.csproj", "{2E4A54ED-4E46-4182-8D96-E01E2D24C016}"
EndProject
Global
	GlobalSection(SolutionConfigurationPlatforms) = preSolution
		Debug|Any CPU = Debug|Any CPU
		Debug|x64 = Debug|x64
		Debug|x86 = Debug|x86
		Release|Any CPU = Release|Any CPU
		Release|x64 = Release|x64
		Release|x86 = Release|x86
	EndGlobalSection
	GlobalSection(ProjectConfigurationPlatforms) = postSolution
		{DB0A75DB-08B4-4A50-9D8C-49FFD0DCA332}.Debug|Any CPU.ActiveCfg = Debug|Any CPU
		{DB0A75DB-08B4-4A50-9D8C-49FFD0DCA332}.Debug|Any CPU.Build.0 = Debug|Any CPU
		{DB0A75DB-08B4-4A50-9D8C-49FFD0DCA332}.Debug|x64.ActiveCfg = Debug|x64
		{DB0A75DB-08B4-4A50-9D8C-49FFD0DCA332}.Debug|x64.Build.0 = Debug|x64
		{DB0A75DB-08B4-4A50-9D8C-49FFD0DCA332}.Debug|x86.ActiveCfg = Debug|x86
		{DB0A75DB-08B4-4A50-9D8C-49FFD0DCA332}.Debug|x86.Build.0 = Debug|x86
		{DB0A75DB-08B4-4A50-9D8C-49FFD0DCA332}.Release|Any CPU.ActiveCfg = Release|Any CPU
		{DB0A75DB-08B4-4A50-9D8C-49FFD0DCA332}.Release|Any CPU.Build.0 = Release|Any CPU
		{DB0A75DB-08B4-4A50-9D8C-49FFD0DCA332}.Release|x64.ActiveCfg = Release|x64
		{DB0A75DB-08B4-4A50-9D8C-49FFD0DCA332}.Release|x64.Build.0 = Release|x64
		{DB0A75DB-08B4-4A50-9D8C-49FFD0DCA332}.Release|x86.ActiveCfg = Release|x86
		{DB0A75DB-08B4-4A50-9D8C-49FFD0DCA332}.Release|x86.Build.0 = Release|x86
		{557707A4-898E-4DC3-AEC2-443D0622B4A9}.Debug|Any CPU.ActiveCfg = Debug|Any CPU
		{557707A4-898E-4DC3-AEC2-443D0622B4A9}.Debug|Any CPU.Build.0 = Debug|Any CPU
		{557707A4-898E-4DC3-AEC2-443D0622B4A9}.Debug|x64.ActiveCfg = Debug|Any CPU
		{557707A4-898E-4DC3-AEC2-443D0622B4A9}.Debug|x86.ActiveCfg = Debug|Any CPU
		{557707A4-898E-4DC3-AEC2-443D0622B4A9}.Release|Any CPU.ActiveCfg = Release|Any CPU
		{557707A4-898E-4DC3-AEC2-443D0622B4A9}.Release|Any CPU.Build.0 = Release|Any CPU
		{557707A4-898E-4DC3-AEC2-443D0622B4A9}.Release|x64.ActiveCfg = Release|Any CPU
		{557707A4-898E-4DC3-AEC2-443D0622B4A9}.Release|x86.ActiveCfg = Release|Any CPU
		{D081C915-A288-46F6-AA1E-90C1C080B504}.Debug|Any CPU.ActiveCfg = Debug|Any CPU
		{D081C915-A288-46F6-AA1E-90C1C080B504}.Debug|Any CPU.Build.0 = Debug|Any CPU
		{D081C915-A288-46F6-AA1E-90C1C080B504}.Debug|x64.ActiveCfg = Debug|Any CPU
		{D081C915-A288-46F6-AA1E-90C1C080B504}.Debug|x86.ActiveCfg = Debug|Any CPU
		{D081C915-A288-46F6-AA1E-90C1C080B504}.Release|Any CPU.ActiveCfg = Release|Any CPU
		{D081C915-A288-46F6-AA1E-90C1C080B504}.Release|Any CPU.Build.0 = Release|Any CPU
		{D081C915-A288-46F6-AA1E-90C1C080B504}.Release|x64.ActiveCfg = Release|Any CPU
		{D081C915-A288-46F6-AA1E-90C1C080B504}.Release|x86.ActiveCfg = Release|Any CPU
		{2E4A54ED-4E46-4182-8D96-E01E2D24C016}.Debug|Any CPU.ActiveCfg = Debug|Any CPU
		{2E4A54ED-4E46-4182-8D96-E01E2D24C016}.Debug|Any CPU.Build.0 = Debug|Any CPU
		{2E4A54ED-4E46-4182-8D96-E01E2D24C016}.Debug|x64.ActiveCfg = Debug|Any CPU
		{2E4A54ED-4E46-4182-8D96-E01E2D24C016}.Debug|x86.ActiveCfg = Debug|Any CPU
		{2E4A54ED-4E46-4182-8D96-E01E2D24C016}.Release|Any CPU.ActiveCfg = Release|Any CPU
		{2E4A54ED-4E46-4182-8D96-E01E2D24C016}.Release|Any CPU.Build.0 = Release|Any CPU
		{2E4A54ED-4E46-4182-8D96-E01E2D24C016}.Release|x64.ActiveCfg = Release|Any CPU
		{2E4A54ED-4E46-4182-8D96-E01E2D24C016}.Release|x86.ActiveCfg = Release|Any CPU
	EndGlobalSection
	GlobalSection(SolutionProperties) = preSolution
		HideSolutionNode = FALSE
	EndGlobalSection
EndGlobal
